{
  "name": "@bit/my-component",
  "version": "0.0.1-0",
  "lockfileVersion": 1,
  "requires": true,
  "dependencies": {
    "@stencil/core": {
      "version": "1.5.0",
      "resolved": "https://registry.npmjs.org/@stencil/core/-/core-1.5.0.tgz",
      "integrity": "sha512-ovEpWGdiO52iVBM6LGIyXPmh8UVGWu6b5bMqFwQkSkvW01a5MaBNrqgX8jd084yf9/qdJ9Pn2WbTSTVFOsIJcA==",
      "requires": {
        "typescript": "3.6.3"
      }
    },
    "@types/jest": {
      "version": "24.0.18",
      "resolved": "https://registry.npmjs.org/@types/jest/-/jest-24.0.18.tgz",
      "integrity": "sha512-jcDDXdjTcrQzdN06+TSVsPPqxvsZA/5QkYfIZlq1JMw7FdP5AZylbOc+6B/cuDurctRe+MziUMtQ3xQdrbjqyQ==",
      "requires": {
        "@types/jest-diff": "*"
      }
    },
    "@types/jest-diff": {
      "version": "20.0.1",
      "resolved": "https://registry.npmjs.org/@types/jest-diff/-/jest-diff-20.0.1.tgz",
      "integrity": "sha512-yALhelO3i0hqZwhjtcr6dYyaLoCHbAMshwtj6cGxTvHZAKXHsYGdff6E8EPw3xLKY0ELUTQ69Q1rQiJENnccMA=="
    },
    "@types/node": {
      "version": "12.7.7",
      "resolved": "https://registry.npmjs.org/@types/node/-/node-12.7.7.tgz",
      "integrity": "sha512-4jUncNe2tj1nmrO/34PsRpZqYVnRV1svbU78cKhuQKkMntKB/AmdLyGgswcZKjFHEHGpiY8pVD8CuVI55nP54w=="
    },
    "@types/puppeteer": {
      "version": "1.19.1",
      "resolved": "https://registry.npmjs.org/@types/puppeteer/-/puppeteer-1.19.1.tgz",
      "integrity": "sha512-ReWZvoEfMiJIA3AG+eM+nCx5GKrU2ANVYY5TC0nbpeiTCtnJbcqnmBbR8TkXMBTvLBYcuTOAELbTcuX73siDNQ==",
      "requires": {
        "@types/node": "*"
      }
    },
    "typescript": {
      "version": "3.6.3",
      "resolved": "https://registry.npmjs.org/typescript/-/typescript-3.6.3.tgz",
      "integrity": "sha512-N7bceJL1CtRQ2RiG0AQME13ksR7DiuQh/QehubYcghzv20tnh+MQnQIuJddTmsbqYj+dztchykemz0zFzlvdQw=="
    }
  }
}
